
Microsoft Visual Studio Solution File, Format Version 12.00
# Visual Studio Version 17
VisualStudioVersion = 17.6.33815.320
MinimumVisualStudioVersion = 10.0.40219.1
Project("{9A19103F-16F7-4668-BE54-9A1E7A4F7556}") = "CQRS.Api", "CQRS\CQRS.Api.csproj", "{C069B085-3AAC-48B1-BB9A-5429C250B00C}"
EndProject
Project("{9A19103F-16F7-4668-BE54-9A1E7A4F7556}") = "CQRS.Domain", "CQRS.Domain\CQRS.Domain.csproj", "{1263B87C-4FD3-448F-941B-12CDDCD6AB2A}"
EndProject
Project("{9A19103F-16F7-4668-BE54-9A1E7A4F7556}") = "CQRS.Infrastructure", "CQRS.Infrastructure\CQRS.Infrastructure.csproj", "{1D22BB43-46E3-458C-8EA4-686F083566B1}"
EndProject
Project("{FAE04EC0-301F-11D3-BF4B-00C04F79EFBC}") = "CQRS.Business", "CQRS.Business\CQRS.Business.csproj", "{D93FAB2E-FBFA-4FCC-A05E-1B640F2BE9BE}"
EndProject
Project("{FAE04EC0-301F-11D3-BF4B-00C04F79EFBC}") = "CQRS.Model", "CQRS.Model\CQRS.Model.csproj", "{13C077A9-F668-46CF-B952-3C6A6B3C92C2}"
EndProject
Global
	GlobalSection(SolutionConfigurationPlatforms) = preSolution
		Debug|Any CPU = Debug|Any CPU
		Release|Any CPU = Release|Any CPU
	EndGlobalSection
	GlobalSection(ProjectConfigurationPlatforms) = postSolution
		{C069B085-3AAC-48B1-BB9A-5429C250B00C}.Debug|Any CPU.ActiveCfg = Debug|Any CPU
		{C069B085-3AAC-48B1-BB9A-5429C250B00C}.Debug|Any CPU.Build.0 = Debug|Any CPU
		{C069B085-3AAC-48B1-BB9A-5429C250B00C}.Release|Any CPU.ActiveCfg = Release|Any CPU
		{C069B085-3AAC-48B1-BB9A-5429C250B00C}.Release|Any CPU.Build.0 = Release|Any CPU
		{1263B87C-4FD3-448F-941B-12CDDCD6AB2A}.Debug|Any CPU.ActiveCfg = Debug|Any CPU
		{1263B87C-4FD3-448F-941B-12CDDCD6AB2A}.Debug|Any CPU.Build.0 = Debug|Any CPU
		{1263B87C-4FD3-448F-941B-12CDDCD6AB2A}.Release|Any CPU.ActiveCfg = Release|Any CPU
		{1263B87C-4FD3-448F-941B-12CDDCD6AB2A}.Release|Any CPU.Build.0 = Release|Any CPU
		{1D22BB43-46E3-458C-8EA4-686F083566B1}.Debug|Any CPU.ActiveCfg = Debug|Any CPU
		{1D22BB43-46E3-458C-8EA4-686F083566B1}.Debug|Any CPU.Build.0 = Debug|Any CPU
		{1D22BB43-46E3-458C-8EA4-686F083566B1}.Release|Any CPU.ActiveCfg = Release|Any CPU
		{1D22BB43-46E3-458C-8EA4-686F083566B1}.Release|Any CPU.Build.0 = Release|Any CPU
		{D93FAB2E-FBFA-4FCC-A05E-1B640F2BE9BE}.Debug|Any CPU.ActiveCfg = Debug|Any CPU
		{D93FAB2E-FBFA-4FCC-A05E-1B640F2BE9BE}.Debug|Any CPU.Build.0 = Debug|Any CPU
		{D93FAB2E-FBFA-4FCC-A05E-1B640F2BE9BE}.Release|Any CPU.ActiveCfg = Release|Any CPU
		{D93FAB2E-FBFA-4FCC-A05E-1B640F2BE9BE}.Release|Any CPU.Build.0 = Release|Any CPU
		{13C077A9-F668-46CF-B952-3C6A6B3C92C2}.Debug|Any CPU.ActiveCfg = Debug|Any CPU
		{13C077A9-F668-46CF-B952-3C6A6B3C92C2}.Debug|Any CPU.Build.0 = Debug|Any CPU
		{13C077A9-F668-46CF-B952-3C6A6B3C92C2}.Release|Any CPU.ActiveCfg = Release|Any CPU
		{13C077A9-F668-46CF-B952-3C6A6B3C92C2}.Release|Any CPU.Build.0 = Release|Any CPU
	EndGlobalSection
	GlobalSection(SolutionProperties) = preSolution
		HideSolutionNode = FALSE
	EndGlobalSection
	GlobalSection(ExtensibilityGlobals) = postSolution
		SolutionGuid = {772BE568-8787-489C-B06F-5597E9711FCB}
	EndGlobalSection
EndGlobal
